# THIS IS AN AUTOGENERATED FILE. DO NOT EDIT THIS FILE DIRECTLY.
# yarn lockfile v1


"@citizenfx/client@^2.0.5963-1":
  "integrity" "sha512-6VTpOT9C1VSO2135fmQvoNGWWGqqWzr1BoY5lNxz1eueV+41RLsyrPSVBO2IWGlZaftSGkHWZhRWy34WPPEOSA=="
  "resolved" "https://registry.npmjs.org/@citizenfx/client/-/client-2.0.5963-1.tgz"
  "version" "2.0.5963-1"

"@types/node@^18.11.3":
  "integrity" "sha512-fNjDQzzOsZeKZu5NATgXUPsaFaTxeRgFXoosrHivTl8RGeV733OLawXsGfEk9a8/tySyZUyiZ6E8LcjPFZ2y1A=="
  "resolved" "https://registry.npmjs.org/@types/node/-/node-18.11.3.tgz"
  "version" "18.11.3"

"esbuild-windows-64@0.15.12":
  "integrity" "sha512-VActO3WnWZSN//xjSfbiGOSyC+wkZtI8I4KlgrTo5oHJM6z3MZZBCuFaZHd8hzf/W9KPhF0lY8OqlmWC9HO5AA=="
  "resolved" "https://registry.npmjs.org/esbuild-windows-64/-/esbuild-windows-64-0.15.12.tgz"
  "version" "0.15.12"

"esbuild@^0.15.12":
  "integrity" "sha512-PcT+/wyDqJQsRVhaE9uX/Oq4XLrFh0ce/bs2TJh4CSaw9xuvI+xFrH2nAYOADbhQjUgAhNWC5LKoUsakm4dxng=="
  "resolved" "https://registry.npmjs.org/esbuild/-/esbuild-0.15.12.tgz"
  "version" "0.15.12"
  optionalDependencies:
    "@esbuild/android-arm" "0.15.12"
    "@esbuild/linux-loong64" "0.15.12"
    "esbuild-android-64" "0.15.12"
    "esbuild-android-arm64" "0.15.12"
    "esbuild-darwin-64" "0.15.12"
    "esbuild-darwin-arm64" "0.15.12"
    "esbuild-freebsd-64" "0.15.12"
    "esbuild-freebsd-arm64" "0.15.12"
    "esbuild-linux-32" "0.15.12"
    "esbuild-linux-64" "0.15.12"
    "esbuild-linux-arm" "0.15.12"
    "esbuild-linux-arm64" "0.15.12"
    "esbuild-linux-mips64le" "0.15.12"
    "esbuild-linux-ppc64le" "0.15.12"
    "esbuild-linux-riscv64" "0.15.12"
    "esbuild-linux-s390x" "0.15.12"
    "esbuild-netbsd-64" "0.15.12"
    "esbuild-openbsd-64" "0.15.12"
    "esbuild-sunos-64" "0.15.12"
    "esbuild-windows-32" "0.15.12"
    "esbuild-windows-64" "0.15.12"
    "esbuild-windows-arm64" "0.15.12"

"typescript@^4.8.4":
  "integrity" "sha512-QCh+85mCy+h0IGff8r5XWzOVSbBO+KfeYrMQh7NJ58QujwcE22u+NUSmUxqF+un70P9GXKxa2HCNiTTMJknyjQ=="
  "resolved" "https://registry.npmjs.org/typescript/-/typescript-4.8.4.tgz"
  "version" "4.8.4"
